Microsoft Visual Studio Solution File, Format Version 12.00
# Visual Studio Version 17
VisualStudioVersion = 17.5.2.0
MinimumVisualStudioVersion = 10.0.40219.1
Project("{FAE04EC0-301F-11D3-BF4B-00C04F79EFBC}") = "BrainCancerClassification", "BrainCancerClassification.csproj", "{EE5D4373-5F90-8D70-EF41-21D7E82FB443}"
EndProject
Global
	GlobalSection(SolutionConfigurationPlatforms) = preSolution
		Debug|Any CPU = Debug|Any CPU
		Release|Any CPU = Release|Any CPU
	EndGlobalSection
	GlobalSection(ProjectConfigurationPlatforms) = postSolution
		{EE5D4373-5F90-8D70-EF41-21D7E82FB443}.Debug|Any CPU.ActiveCfg = Debug|Any CPU
		{EE5D4373-5F90-8D70-EF41-21D7E82FB443}.Debug|Any CPU.Build.0 = Debug|Any CPU
		{EE5D4373-5F90-8D70-EF41-21D7E82FB443}.Release|Any CPU.ActiveCfg = Release|Any CPU
		{EE5D4373-5F90-8D70-EF41-21D7E82FB443}.Release|Any CPU.Build.0 = Release|Any CPU
	EndGlobalSection
	GlobalSection(SolutionProperties) = preSolution
		HideSolutionNode = FALSE
	EndGlobalSection
	GlobalSection(ExtensibilityGlobals) = postSolution
		SolutionGuid = {44B6A629-93CB-4D1A-8033-B4209B3DD5C3}
	EndGlobalSection
EndGlobal
